{
  "requires": true,
  "lockfileVersion": 1,
  "dependencies": {
    "@babel/runtime": {
      "version": "7.16.3",
      "resolved": "https://registry.npmjs.org/@babel/runtime/-/runtime-7.16.3.tgz",
      "integrity": "sha512-WBwekcqacdY2e9AF/Q7WLFUWmdJGJTkbjqTjoMDgXkVZ3ZRUvOPsLb5KdwISoQVsbP+DQzVZW4Zhci0DvpbNTQ==",
      "requires": {
        "regenerator-runtime": "^0.13.4"
      }
    },
    "@babel/runtime-corejs3": {
      "version": "7.16.3",
      "resolved": "https://registry.npmjs.org/@babel/runtime-corejs3/-/runtime-corejs3-7.16.3.tgz",
      "integrity": "sha512-IAdDC7T0+wEB4y2gbIL0uOXEYpiZEeuFUTVbdGq+UwCcF35T/tS8KrmMomEwEc5wBbyfH3PJVpTSUqrhPDXFcQ==",
      "requires": {
        "core-js-pure": "^3.19.0",
        "regenerator-runtime": "^0.13.4"
      }
    },
    "@okta/okta-auth-js": {
      "version": "5.9.0",
      "resolved": "https://registry.npmjs.org/@okta/okta-auth-js/-/okta-auth-js-5.9.0.tgz",
      "integrity": "sha512-q3OA2E0ir0kYg70CibnpLNschgE8LeMXS5MgClGdQuJ2h/FiNskcM4ZsQeKvqu44IfWhKLj2Mf9DquU2oKFRbg==",
      "requires": {
        "@babel/runtime": "^7.12.5",
        "@okta/okta-idx-js": "0.22.0",
        "@peculiar/webcrypto": "1.1.6",
        "Base64": "1.1.0",
        "atob": "^2.1.2",
        "btoa": "^1.2.1",
        "core-js": "^3.6.5",
        "cross-fetch": "^3.0.6",
        "js-cookie": "2.2.1",
        "node-cache": "^5.1.2",
        "p-cancelable": "^2.0.0",
        "text-encoding": "^0.7.0",
        "tiny-emitter": "1.1.0",
        "webcrypto-shim": "^0.1.5",
        "xhr2": "0.1.3"
      }
    },
    "@okta/okta-idx-js": {
      "version": "0.22.0",
      "resolved": "https://registry.npmjs.org/@okta/okta-idx-js/-/okta-idx-js-0.22.0.tgz",
      "integrity": "sha512-SehJVwQI51xWrB1YaMn6UB54cOzhrM7z5k2xOI62I3B7qOQ3uFOZJvRCJnBcZ6TEcQuqJ3/6q93h6n8omw0tVQ==",
      "requires": {
        "@babel/runtime": "^7.12.5",
        "@babel/runtime-corejs3": "^7.12.5",
        "core-js": "^3.15.1",
        "jsonpath-plus": "^5.1.0"
      }
    },
    "@okta/okta-react": {
      "version": "6.3.0",
      "resolved": "https://registry.npmjs.org/@okta/okta-react/-/okta-react-6.3.0.tgz",
      "integrity": "sha512-ALy/wIPiVv7ZqXmEswVywSkoOHihhzm74BSD7H7t4jEstc5knYP03daccFtq1QmvFwK8uY0h5y6oNQsj6KK9iw==",
      "requires": {
        "@babel/runtime": "^7.11.2"
      }
    },
    "@peculiar/asn1-schema": {
      "version": "2.0.44",
      "resolved": "https://registry.npmjs.org/@peculiar/asn1-schema/-/asn1-schema-2.0.44.tgz",
      "integrity": "sha512-uaCnjQ9A9WwQSMuDJcNOCYEPXTahgKbFMvI7eMOMd8lXgx0J1eU7F3BoMsK5PFxa3dVUxjSQbaOjfgGoeHGgoQ==",
      "requires": {
        "@types/asn1js": "^2.0.2",
        "asn1js": "^2.1.1",
        "pvtsutils": "^1.2.1",
        "tslib": "^2.3.0"
      }
    },
    "@peculiar/json-schema": {
      "version": "1.1.12",
      "resolved": "https://registry.npmjs.org/@peculiar/json-schema/-/json-schema-1.1.12.tgz",
      "integrity": "sha512-coUfuoMeIB7B8/NMekxaDzLhaYmp0HZNPEjYRm9goRou8UZIC3z21s0sL9AWoCw4EG876QyO3kYrc61WNF9B/w==",
      "requires": {
        "tslib": "^2.0.0"
      }
    },
    "@peculiar/webcrypto": {
      "version": "1.1.6",
      "resolved": "https://registry.npmjs.org/@peculiar/webcrypto/-/webcrypto-1.1.6.tgz",
      "integrity": "sha512-xcTjouis4Y117mcsJslWAGypwhxtXslkVdRp7e3tHwtuw0/xCp1te8RuMMv/ia5TsvxomcyX/T+qTbRZGLLvyA==",
      "requires": {
        "@peculiar/asn1-schema": "^2.0.27",
        "@peculiar/json-schema": "^1.1.12",
        "pvtsutils": "^1.1.2",
        "tslib": "^2.1.0",
        "webcrypto-core": "^1.2.0"
      }
    },
    "@types/asn1js": {
      "version": "2.0.2",
      "resolved": "https://registry.npmjs.org/@types/asn1js/-/asn1js-2.0.2.tgz",
      "integrity": "sha512-t4YHCgtD+ERvH0FyxvNlYwJ2ezhqw7t+Ygh4urQ7dJER8i185JPv6oIM3ey5YQmGN6Zp9EMbpohkjZi9t3UxwA=="
    },
    "Base64": {
      "version": "1.1.0",
      "resolved": "https://registry.npmjs.org/Base64/-/Base64-1.1.0.tgz",
      "integrity": "sha512-qeacf8dvGpf+XAT27ESHMh7z84uRzj/ua2pQdJg483m3bEXv/kVFtDnMgvf70BQGqzbZhR9t6BmASzKvqfJf3Q=="
    },
    "asn1js": {
      "version": "2.1.1",
      "resolved": "https://registry.npmjs.org/asn1js/-/asn1js-2.1.1.tgz",
      "integrity": "sha512-t9u0dU0rJN4ML+uxgN6VM2Z4H5jWIYm0w8LsZLzMJaQsgL3IJNbxHgmbWDvJAwspyHpDFuzUaUFh4c05UB4+6g==",
      "requires": {
        "pvutils": "^1.0.17"
      }
    },
    "atob": {
      "version": "2.1.2",
      "resolved": "https://registry.npmjs.org/atob/-/atob-2.1.2.tgz",
      "integrity": "sha512-Wm6ukoaOGJi/73p/cl2GvLjTI5JM1k/O14isD73YML8StrH/7/lRFgmg8nICZgD3bZZvjwCGxtMOD3wWNAu8cg=="
    },
    "btoa": {
      "version": "1.2.1",
      "resolved": "https://registry.npmjs.org/btoa/-/btoa-1.2.1.tgz",
      "integrity": "sha512-SB4/MIGlsiVkMcHmT+pSmIPoNDoHg+7cMzmt3Uxt628MTz2487DKSqK/fuhFBrkuqrYv5UCEnACpF4dTFNKc/g=="
    },
    "clone": {
      "version": "2.1.2",
      "resolved": "https://registry.npmjs.org/clone/-/clone-2.1.2.tgz",
      "integrity": "sha1-G39Ln1kfHo+DZwQBYANFoCiHQ18="
    },
    "core-js": {
      "version": "3.19.2",
      "resolved": "https://registry.npmjs.org/core-js/-/core-js-3.19.2.tgz",
      "integrity": "sha512-ciYCResnLIATSsXuXnIOH4CbdfgV+H1Ltg16hJFN7/v6OxqnFr/IFGeLacaZ+fHLAm0TBbXwNK9/DNBzBUrO/g=="
    },
    "core-js-pure": {
      "version": "3.19.2",
      "resolved": "https://registry.npmjs.org/core-js-pure/-/core-js-pure-3.19.2.tgz",
      "integrity": "sha512-5LkcgQEy8pFeVnd/zomkUBSwnmIxuF1C8E9KrMAbOc8f34IBT9RGvTYeNDdp1PnvMJrrVhvk1hg/yVV5h/znlg=="
    },
    "cross-fetch": {
      "version": "3.1.4",
      "resolved": "https://registry.npmjs.org/cross-fetch/-/cross-fetch-3.1.4.tgz",
      "integrity": "sha512-1eAtFWdIubi6T4XPy6ei9iUFoKpUkIF971QLN8lIvvvwueI65+Nw5haMNKUwfJxabqlIIDODJKGrQ66gxC0PbQ==",
      "requires": {
        "node-fetch": "2.6.1"
      }
    },
    "history": {
      "version": "5.1.0",
      "resolved": "https://registry.npmjs.org/history/-/history-5.1.0.tgz",
      "integrity": "sha512-zPuQgPacm2vH2xdORvGGz1wQMuHSIB56yNAy5FnLuwOwgSYyPKptJtcMm6Ev+hRGeS+GzhbmRacHzvlESbFwDg==",
      "requires": {
        "@babel/runtime": "^7.7.6"
      }
    },
    "js-cookie": {
      "version": "2.2.1",
      "resolved": "https://registry.npmjs.org/js-cookie/-/js-cookie-2.2.1.tgz",
      "integrity": "sha512-HvdH2LzI/EAZcUwA8+0nKNtWHqS+ZmijLA30RwZA0bo7ToCckjK5MkGhjED9KoRcXO6BaGI3I9UIzSA1FKFPOQ=="
    },
    "jsonpath-plus": {
      "version": "5.1.0",
      "resolved": "https://registry.npmjs.org/jsonpath-plus/-/jsonpath-plus-5.1.0.tgz",
      "integrity": "sha512-890w2Pjtj0iswAxalRlt2kHthi6HKrXEfZcn+ZNZptv7F3rUGIeDuZo+C+h4vXBHLEsVjJrHeCm35nYeZLzSBQ=="
    },
    "node-cache": {
      "version": "5.1.2",
      "resolved": "https://registry.npmjs.org/node-cache/-/node-cache-5.1.2.tgz",
      "integrity": "sha512-t1QzWwnk4sjLWaQAS8CHgOJ+RAfmHpxFWmc36IWTiWHQfs0w5JDMBS1b1ZxQteo0vVVuWJvIUKHDkkeK7vIGCg==",
      "requires": {
        "clone": "2.x"
      }
    },
    "node-fetch": {
      "version": "2.6.1",
      "resolved": "https://registry.npmjs.org/node-fetch/-/node-fetch-2.6.1.tgz",
      "integrity": "sha512-V4aYg89jEoVRxRb2fJdAg8FHvI7cEyYdVAh94HH0UIK8oJxUfkjlDQN9RbMx+bEjP7+ggMiFRprSti032Oipxw=="
    },
    "p-cancelable": {
      "version": "2.1.1",
      "resolved": "https://registry.npmjs.org/p-cancelable/-/p-cancelable-2.1.1.tgz",
      "integrity": "sha512-BZOr3nRQHOntUjTrH8+Lh54smKHoHyur8We1V8DSMVrl5A2malOOwuJRnKRDjSnkoeBh4at6BwEnb5I7Jl31wg=="
    },
    "pvtsutils": {
      "version": "1.2.1",
      "resolved": "https://registry.npmjs.org/pvtsutils/-/pvtsutils-1.2.1.tgz",
      "integrity": "sha512-Q867jEr30lBR2YSFFLZ0/XsEvpweqH6Kj096wmlRAFXrdRGPCNq2iz9B5Tk085EZ+OBZyYAVA5UhPkjSHGrUzQ==",
      "requires": {
        "tslib": "^2.3.1"
      }
    },
    "pvutils": {
      "version": "1.0.17",
      "resolved": "https://registry.npmjs.org/pvutils/-/pvutils-1.0.17.tgz",
      "integrity": "sha512-wLHYUQxWaXVQvKnwIDWFVKDJku9XDCvyhhxoq8dc5MFdIlRenyPI9eSfEtcvgHgD7FlvCyGAlWgOzRnZD99GZQ=="
    },
    "react-router": {
      "version": "6.0.2",
      "resolved": "https://registry.npmjs.org/react-router/-/react-router-6.0.2.tgz",
      "integrity": "sha512-8/Wm3Ed8t7TuedXjAvV39+c8j0vwrI5qVsYqjFr5WkJjsJpEvNSoLRUbtqSEYzqaTUj1IV+sbPJxvO+accvU0Q==",
      "requires": {
        "history": "^5.1.0"
      }
    },
    "react-router-dom": {
      "version": "6.0.2",
      "resolved": "https://registry.npmjs.org/react-router-dom/-/react-router-dom-6.0.2.tgz",
      "integrity": "sha512-cOpJ4B6raFutr0EG8O/M2fEoyQmwvZWomf1c6W2YXBZuFBx8oTk/zqjXghwScyhfrtnt0lANXV2182NQblRxFA==",
      "requires": {
        "history": "^5.1.0",
        "react-router": "6.0.2"
      }
    },
    "regenerator-runtime": {
      "version": "0.13.9",
      "resolved": "https://registry.npmjs.org/regenerator-runtime/-/regenerator-runtime-0.13.9.tgz",
      "integrity": "sha512-p3VT+cOEgxFsRRA9X4lkI1E+k2/CtnKtU4gcxyaCUreilL/vqI6CdZ3wxVUx3UOUg+gnUOQQcRI7BmSI656MYA=="
    },
    "text-encoding": {
      "version": "0.7.0",
      "resolved": "https://registry.npmjs.org/text-encoding/-/text-encoding-0.7.0.tgz",
      "integrity": "sha512-oJQ3f1hrOnbRLOcwKz0Liq2IcrvDeZRHXhd9RgLrsT+DjWY/nty1Hi7v3dtkaEYbPYe0mUoOfzRrMwfXXwgPUA=="
    },
    "tiny-emitter": {
      "version": "1.1.0",
      "resolved": "https://registry.npmjs.org/tiny-emitter/-/tiny-emitter-1.1.0.tgz",
      "integrity": "sha1-q0BaIf/tgUp2wZc5ZICT1wZU/ss="
    },
    "tslib": {
      "version": "2.3.1",
      "resolved": "https://registry.npmjs.org/tslib/-/tslib-2.3.1.tgz",
      "integrity": "sha512-77EbyPPpMz+FRFRuAFlWMtmgUWGe9UOG2Z25NqCwiIjRhOf5iKGuzSe5P2w1laq+FkRy4p+PCuVkJSGkzTEKVw=="
    },
    "webcrypto-core": {
      "version": "1.4.0",
      "resolved": "https://registry.npmjs.org/webcrypto-core/-/webcrypto-core-1.4.0.tgz",
      "integrity": "sha512-HY3Zo0GcRIQUUDnlZ/shGjN+4f7LVMkdJZoGPog+oHhJsJdMz6iM8Za5xZ0t6qg7Fx/JXXz+oBv2J2p982hGTQ==",
      "requires": {
        "@peculiar/asn1-schema": "^2.0.44",
        "@peculiar/json-schema": "^1.1.12",
        "asn1js": "^2.1.1",
        "pvtsutils": "^1.2.0",
        "tslib": "^2.3.1"
      }
    },
    "webcrypto-shim": {
      "version": "0.1.7",
      "resolved": "https://registry.npmjs.org/webcrypto-shim/-/webcrypto-shim-0.1.7.tgz",
      "integrity": "sha512-JAvAQR5mRNRxZW2jKigWMjCMkjSdmP5cColRP1U/pTg69VgHXEi1orv5vVpJ55Zc5MIaPc1aaurzd9pjv2bveg=="
    },
    "xhr2": {
      "version": "0.1.3",
      "resolved": "https://registry.npmjs.org/xhr2/-/xhr2-0.1.3.tgz",
      "integrity": "sha1-y/xHWaabSoiOeM9PILBRA4dXvRE="
    }
  }
}
